
Microsoft Visual Studio Solution File, Format Version 12.00
# Visual Studio 15
VisualStudioVersion = 15.0.28307.852
MinimumVisualStudioVersion = 10.0.40219.1
Project("{8BC9CEB8-8B4A-11D0-8D11-00A0C91BC942}") = "agent", "Agent\kryptshell.vcxproj", "{BDE8C033-CC80-40D9-8869-A9E543C5622B}"
EndProject
Project("{FAE04EC0-301F-11D3-BF4B-00C04F79EFBC}") = "Panel", "Panel\Panel.csproj", "{0A9D86C1-C4F3-4296-AC7A-D370412B7ACA}"
EndProject
Global
	GlobalSection(SolutionConfigurationPlatforms) = preSolution
		Debug|Any CPU = Debug|Any CPU
		Debug|x64 = Debug|x64
		Debug|x86 = Debug|x86
		Release|Any CPU = Release|Any CPU
		Release|x64 = Release|x64
		Release|x86 = Release|x86
	EndGlobalSection
	GlobalSection(ProjectConfigurationPlatforms) = postSolution
		{BDE8C033-CC80-40D9-8869-A9E543C5622B}.Debug|Any CPU.ActiveCfg = Debug|Win32
		{BDE8C033-CC80-40D9-8869-A9E543C5622B}.Debug|x64.ActiveCfg = Debug|x64
		{BDE8C033-CC80-40D9-8869-A9E543C5622B}.Debug|x64.Build.0 = Debug|x64
		{BDE8C033-CC80-40D9-8869-A9E543C5622B}.Debug|x86.ActiveCfg = Debug|Win32
		{BDE8C033-CC80-40D9-8869-A9E543C5622B}.Debug|x86.Build.0 = Debug|Win32
		{BDE8C033-CC80-40D9-8869-A9E543C5622B}.Release|Any CPU.ActiveCfg = Release|Win32
		{BDE8C033-CC80-40D9-8869-A9E543C5622B}.Release|x64.ActiveCfg = Release|x64
		{BDE8C033-CC80-40D9-8869-A9E543C5622B}.Release|x64.Build.0 = Release|x64
		{BDE8C033-CC80-40D9-8869-A9E543C5622B}.Release|x86.ActiveCfg = Release|Win32
		{BDE8C033-CC80-40D9-8869-A9E543C5622B}.Release|x86.Build.0 = Release|Win32
		{0A9D86C1-C4F3-4296-AC7A-D370412B7ACA}.Debug|Any CPU.ActiveCfg = Debug|Any CPU
		{0A9D86C1-C4F3-4296-AC7A-D370412B7ACA}.Debug|Any CPU.Build.0 = Debug|Any CPU
		{0A9D86C1-C4F3-4296-AC7A-D370412B7ACA}.Debug|x64.ActiveCfg = Debug|Any CPU
		{0A9D86C1-C4F3-4296-AC7A-D370412B7ACA}.Debug|x64.Build.0 = Debug|Any CPU
		{0A9D86C1-C4F3-4296-AC7A-D370412B7ACA}.Debug|x86.ActiveCfg = Debug|Any CPU
		{0A9D86C1-C4F3-4296-AC7A-D370412B7ACA}.Debug|x86.Build.0 = Debug|Any CPU
		{0A9D86C1-C4F3-4296-AC7A-D370412B7ACA}.Release|Any CPU.ActiveCfg = Release|Any CPU
		{0A9D86C1-C4F3-4296-AC7A-D370412B7ACA}.Release|Any CPU.Build.0 = Release|Any CPU
		{0A9D86C1-C4F3-4296-AC7A-D370412B7ACA}.Release|x64.ActiveCfg = Release|Any CPU
		{0A9D86C1-C4F3-4296-AC7A-D370412B7ACA}.Release|x64.Build.0 = Release|Any CPU
		{0A9D86C1-C4F3-4296-AC7A-D370412B7ACA}.Release|x86.ActiveCfg = Release|Any CPU
		{0A9D86C1-C4F3-4296-AC7A-D370412B7ACA}.Release|x86.Build.0 = Release|Any CPU
	EndGlobalSection
	GlobalSection(SolutionProperties) = preSolution
		HideSolutionNode = FALSE
	EndGlobalSection
	GlobalSection(ExtensibilityGlobals) = postSolution
		SolutionGuid = {8B58826A-EC0B-4380-BB8A-3BC45A5A79C8}
	EndGlobalSection
EndGlobal
